
Microsoft Visual Studio Solution File, Format Version 12.00
# Visual Studio Version 17
VisualStudioVersion = 17.8.34511.84
MinimumVisualStudioVersion = 10.0.40219.1
Project("{9A19103F-16F7-4668-BE54-9A1E7A4F7556}") = "TemperatureLibrary", "TemperatureLibrary\TemperatureLibrary.csproj", "{C32366CD-D780-4CF4-9ADD-2EAC07B87969}"
EndProject
Project("{9A19103F-16F7-4668-BE54-9A1E7A4F7556}") = "Task3", "Task3\Task3.csproj", "{3CA2130E-7357-4765-8FD3-33551D2942F9}"
EndProject
Project("{FAE04EC0-301F-11D3-BF4B-00C04F79EFBC}") = "Task5", "Task5\Task5.csproj", "{F17CB643-A8FC-4E24-AF54-2547379E3035}"
EndProject
Global
	GlobalSection(SolutionConfigurationPlatforms) = preSolution
		Debug|Any CPU = Debug|Any CPU
		Release|Any CPU = Release|Any CPU
	EndGlobalSection
	GlobalSection(ProjectConfigurationPlatforms) = postSolution
		{C32366CD-D780-4CF4-9ADD-2EAC07B87969}.Debug|Any CPU.ActiveCfg = Debug|Any CPU
		{C32366CD-D780-4CF4-9ADD-2EAC07B87969}.Debug|Any CPU.Build.0 = Debug|Any CPU
		{C32366CD-D780-4CF4-9ADD-2EAC07B87969}.Release|Any CPU.ActiveCfg = Release|Any CPU
		{C32366CD-D780-4CF4-9ADD-2EAC07B87969}.Release|Any CPU.Build.0 = Release|Any CPU
		{3CA2130E-7357-4765-8FD3-33551D2942F9}.Debug|Any CPU.ActiveCfg = Debug|Any CPU
		{3CA2130E-7357-4765-8FD3-33551D2942F9}.Debug|Any CPU.Build.0 = Debug|Any CPU
		{3CA2130E-7357-4765-8FD3-33551D2942F9}.Release|Any CPU.ActiveCfg = Release|Any CPU
		{3CA2130E-7357-4765-8FD3-33551D2942F9}.Release|Any CPU.Build.0 = Release|Any CPU
		{F17CB643-A8FC-4E24-AF54-2547379E3035}.Debug|Any CPU.ActiveCfg = Debug|Any CPU
		{F17CB643-A8FC-4E24-AF54-2547379E3035}.Debug|Any CPU.Build.0 = Debug|Any CPU
		{F17CB643-A8FC-4E24-AF54-2547379E3035}.Release|Any CPU.ActiveCfg = Release|Any CPU
		{F17CB643-A8FC-4E24-AF54-2547379E3035}.Release|Any CPU.Build.0 = Release|Any CPU
	EndGlobalSection
	GlobalSection(SolutionProperties) = preSolution
		HideSolutionNode = FALSE
	EndGlobalSection
	GlobalSection(ExtensibilityGlobals) = postSolution
		SolutionGuid = {B7211EB1-84BE-431D-8D7B-EB07695BF866}
	EndGlobalSection
EndGlobal
